
Microsoft Visual Studio Solution File, Format Version 12.00
# Visual Studio Version 16
VisualStudioVersion = 16.0.30011.22
MinimumVisualStudioVersion = 10.0.40219.1
Project("{FAE04EC0-301F-11D3-BF4B-00C04F79EFBC}") = "CalcuTester", "CalcuTester.csproj", "{535D2CD4-7AF8-44A0-BBA5-55B79B5987C8}"
EndProject
Global
	GlobalSection(SolutionConfigurationPlatforms) = preSolution
		Debug|Any CPU = Debug|Any CPU
		Release|Any CPU = Release|Any CPU
	EndGlobalSection
	GlobalSection(ProjectConfigurationPlatforms) = postSolution
		{535D2CD4-7AF8-44A0-BBA5-55B79B5987C8}.Debug|Any CPU.ActiveCfg = Debug|Any CPU
		{535D2CD4-7AF8-44A0-BBA5-55B79B5987C8}.Debug|Any CPU.Build.0 = Debug|Any CPU
		{535D2CD4-7AF8-44A0-BBA5-55B79B5987C8}.Release|Any CPU.ActiveCfg = Release|Any CPU
		{535D2CD4-7AF8-44A0-BBA5-55B79B5987C8}.Release|Any CPU.Build.0 = Release|Any CPU
	EndGlobalSection
	GlobalSection(SolutionProperties) = preSolution
		HideSolutionNode = FALSE
	EndGlobalSection
	GlobalSection(ExtensibilityGlobals) = postSolution
		SolutionGuid = {4F741587-5389-42C6-BA03-A2C389073D07}
	EndGlobalSection
EndGlobal
